
Microsoft Visual Studio Solution File, Format Version 12.00
Project("{FAE04EC0-301F-11D3-BF4B-00C04F79EFBC}") = "ActiveKey", "ActiveKey\ActiveKey.csproj", "{E9577A60-A585-4A75-A8DA-B9C22322D5FF}"
EndProject
Global
	GlobalSection(SolutionConfigurationPlatforms) = preSolution
		Debug|Any CPU = Debug|Any CPU
		Release|Any CPU = Release|Any CPU
	EndGlobalSection
	GlobalSection(ProjectConfigurationPlatforms) = postSolution
		{E9577A60-A585-4A75-A8DA-B9C22322D5FF}.Debug|Any CPU.ActiveCfg = Debug|Any CPU
		{E9577A60-A585-4A75-A8DA-B9C22322D5FF}.Debug|Any CPU.Build.0 = Debug|Any CPU
		{E9577A60-A585-4A75-A8DA-B9C22322D5FF}.Release|Any CPU.ActiveCfg = Release|Any CPU
		{E9577A60-A585-4A75-A8DA-B9C22322D5FF}.Release|Any CPU.Build.0 = Release|Any CPU
	EndGlobalSection
EndGlobal
